// !$*UTF8*$!
{
	archiveVersion = 1;
	classes = {
	};
	objectVersion = 50;
	objects = {

/* Begin PBXBuildFile section */
		1145FF0F2643BC6600F1E7B1 /* KeyboardUtilities.swift in Sources */ = {isa = PBXBuildFile; fileRef = 1145FF0E2643BC6600F1E7B1 /* KeyboardUtilities.swift */; };
		115F7F8C2645361B006C2168 /* CustomTabBar.swift in Sources */ = {isa = PBXBuildFile; fileRef = 115F7F8B2645361B006C2168 /* CustomTabBar.swift */; };
		116732EC263D9DCB00BC9C4B /* difficuties in Resources */ = {isa = PBXBuildFile; fileRef = 116732EB263D9DCB00BC9C4B /* difficuties */; };
		11705671263A8CD200E790D1 /* SignupTextField.swift in Sources */ = {isa = PBXBuildFile; fileRef = 11705670263A8CD200E790D1 /* SignupTextField.swift */; };
		1171DF72263AFD2B00CB1F79 /* Screenshot 2021-04-29 at 11.35.37.png in Resources */ = {isa = PBXBuildFile; fileRef = 1171DF71263AFD2B00CB1F79 /* Screenshot 2021-04-29 at 11.35.37.png */; };
		118DD6862642688C00F8E81F /* Networking.swift in Sources */ = {isa = PBXBuildFile; fileRef = 118DD6852642688C00F8E81F /* Networking.swift */; };
		118DD68A26426B9D00F8E81F /* model.json in Resources */ = {isa = PBXBuildFile; fileRef = 118DD68926426B9D00F8E81F /* model.json */; };
		118DD68E26426C1900F8E81F /* TodosModel.swift in Sources */ = {isa = PBXBuildFile; fileRef = 118DD68D26426C1900F8E81F /* TodosModel.swift */; };
		118DD693264270EA00F8E81F /* UserTodoViewModel.swift in Sources */ = {isa = PBXBuildFile; fileRef = 118DD692264270EA00F8E81F /* UserTodoViewModel.swift */; };
		118DD697264279B900F8E81F /* ToDoViewList.swift in Sources */ = {isa = PBXBuildFile; fileRef = 118DD696264279B900F8E81F /* ToDoViewList.swift */; };
		118DD69A26428F5D00F8E81F /* SignUpViewModel.swift in Sources */ = {isa = PBXBuildFile; fileRef = 118DD69926428F5D00F8E81F /* SignUpViewModel.swift */; };
		118DD69E264297FD00F8E81F /* Screenshot 2021-05-05 at 14.38.05.png in Resources */ = {isa = PBXBuildFile; fileRef = 118DD69D264297FD00F8E81F /* Screenshot 2021-05-05 at 14.38.05.png */; };
		118DD6A22642A45900F8E81F /* WebviewSwiftUI.swift in Sources */ = {isa = PBXBuildFile; fileRef = 118DD6A12642A45900F8E81F /* WebviewSwiftUI.swift */; };
		118DD6A62642A47300F8E81F /* Webview.swift in Sources */ = {isa = PBXBuildFile; fileRef = 118DD6A52642A47300F8E81F /* Webview.swift */; };
		11BB93C826453E6100653E91 /* TabBarIcon.swift in Sources */ = {isa = PBXBuildFile; fileRef = 11BB93C726453E6100653E91 /* TabBarIcon.swift */; };
		11BB93CB2645432300653E91 /* CustomTabBarVM.swift in Sources */ = {isa = PBXBuildFile; fileRef = 11BB93CA2645432300653E91 /* CustomTabBarVM.swift */; };
		11E63CAF2639022100AD8C6E /* LeoSwiftiUITutsApp.swift in Sources */ = {isa = PBXBuildFile; fileRef = 11E63CAE2639022100AD8C6E /* LeoSwiftiUITutsApp.swift */; };
		11E63CB12639022100AD8C6E /* ContentView.swift in Sources */ = {isa = PBXBuildFile; fileRef = 11E63CB02639022100AD8C6E /* ContentView.swift */; };
		11E63CB32639022400AD8C6E /* Assets.xcassets in Resources */ = {isa = PBXBuildFile; fileRef = 11E63CB22639022400AD8C6E /* Assets.xcassets */; };
		11E63CB62639022400AD8C6E /* Preview Assets.xcassets in Resources */ = {isa = PBXBuildFile; fileRef = 11E63CB52639022400AD8C6E /* Preview Assets.xcassets */; };
		11E63CC02639113300AD8C6E /* SignupView.swift in Sources */ = {isa = PBXBuildFile; fileRef = 11E63CBF2639113300AD8C6E /* SignupView.swift */; };
/* End PBXBuildFile section */

/* Begin PBXFileReference section */
		1145FF0E2643BC6600F1E7B1 /* KeyboardUtilities.swift */ = {isa = PBXFileReference; lastKnownFileType = sourcecode.swift; path = KeyboardUtilities.swift; sourceTree = "<group>"; };
		11472A712644258F003EEDBE /* README.md */ = {isa = PBXFileReference; lastKnownFileType = net.daringfireball.markdown; path = README.md; sourceTree = "<group>"; };
		115F7F8B2645361B006C2168 /* CustomTabBar.swift */ = {isa = PBXFileReference; lastKnownFileType = sourcecode.swift; path = CustomTabBar.swift; sourceTree = "<group>"; };
		116732EB263D9DCB00BC9C4B /* difficuties */ = {isa = PBXFileReference; lastKnownFileType = text; path = difficuties; sourceTree = "<group>"; };
		11705670263A8CD200E790D1 /* SignupTextField.swift */ = {isa = PBXFileReference; lastKnownFileType = sourcecode.swift; path = SignupTextField.swift; sourceTree = "<group>"; };
		1171DF71263AFD2B00CB1F79 /* Screenshot 2021-04-29 at 11.35.37.png */ = {isa = PBXFileReference; lastKnownFileType = image.png; path = "Screenshot 2021-04-29 at 11.35.37.png"; sourceTree = "<group>"; };
		118DD6852642688C00F8E81F /* Networking.swift */ = {isa = PBXFileReference; lastKnownFileType = sourcecode.swift; path = Networking.swift; sourceTree = "<group>"; };
		118DD68926426B9D00F8E81F /* model.json */ = {isa = PBXFileReference; lastKnownFileType = text.json; path = model.json; sourceTree = "<group>"; };
		118DD68D26426C1900F8E81F /* TodosModel.swift */ = {isa = PBXFileReference; lastKnownFileType = sourcecode.swift; path = TodosModel.swift; sourceTree = "<group>"; };
		118DD69126426FC700F8E81F /* README.md */ = {isa = PBXFileReference; lastKnownFileType = net.daringfireball.markdown; path = README.md; sourceTree = "<group>"; };
		118DD692264270EA00F8E81F /* UserTodoViewModel.swift */ = {isa = PBXFileReference; lastKnownFileType = sourcecode.swift; path = UserTodoViewModel.swift; sourceTree = "<group>"; };
		118DD696264279B900F8E81F /* ToDoViewList.swift */ = {isa = PBXFileReference; lastKnownFileType = sourcecode.swift; path = ToDoViewList.swift; sourceTree = "<group>"; };
		118DD69926428F5D00F8E81F /* SignUpViewModel.swift */ = {isa = PBXFileReference; lastKnownFileType = sourcecode.swift; path = SignUpViewModel.swift; sourceTree = "<group>"; };
		118DD69D264297FD00F8E81F /* Screenshot 2021-05-05 at 14.38.05.png */ = {isa = PBXFileReference; lastKnownFileType = image.png; path = "Screenshot 2021-05-05 at 14.38.05.png"; sourceTree = "<group>"; };
		118DD6A12642A45900F8E81F /* WebviewSwiftUI.swift */ = {isa = PBXFileReference; lastKnownFileType = sourcecode.swift; path = WebviewSwiftUI.swift; sourceTree = "<group>"; };
		118DD6A52642A47300F8E81F /* Webview.swift */ = {isa = PBXFileReference; lastKnownFileType = sourcecode.swift; path = Webview.swift; sourceTree = "<group>"; };
		11BB93C726453E6100653E91 /* TabBarIcon.swift */ = {isa = PBXFileReference; lastKnownFileType = sourcecode.swift; path = TabBarIcon.swift; sourceTree = "<group>"; };
		11BB93CA2645432300653E91 /* CustomTabBarVM.swift */ = {isa = PBXFileReference; lastKnownFileType = sourcecode.swift; path = CustomTabBarVM.swift; sourceTree = "<group>"; };
		11E63CAB2639022100AD8C6E /* LeoSwiftiUITuts.app */ = {isa = PBXFileReference; explicitFileType = wrapper.application; includeInIndex = 0; path = LeoSwiftiUITuts.app; sourceTree = BUILT_PRODUCTS_DIR; };
		11E63CAE2639022100AD8C6E /* LeoSwiftiUITutsApp.swift */ = {isa = PBXFileReference; lastKnownFileType = sourcecode.swift; path = LeoSwiftiUITutsApp.swift; sourceTree = "<group>"; };
		11E63CB02639022100AD8C6E /* ContentView.swift */ = {isa = PBXFileReference; lastKnownFileType = sourcecode.swift; path = ContentView.swift; sourceTree = "<group>"; };
		11E63CB22639022400AD8C6E /* Assets.xcassets */ = {isa = PBXFileReference; lastKnownFileType = folder.assetcatalog; path = Assets.xcassets; sourceTree = "<group>"; };
		11E63CB52639022400AD8C6E /* Preview Assets.xcassets */ = {isa = PBXFileReference; lastKnownFileType = folder.assetcatalog; path = "Preview Assets.xcassets"; sourceTree = "<group>"; };
		11E63CB72639022400AD8C6E /* Info.plist */ = {isa = PBXFileReference; lastKnownFileType = text.plist.xml; path = Info.plist; sourceTree = "<group>"; };
		11E63CBF2639113300AD8C6E /* SignupView.swift */ = {isa = PBXFileReference; lastKnownFileType = sourcecode.swift; path = SignupView.swift; sourceTree = "<group>"; };
/* End PBXFileReference section */

/* Begin PBXFrameworksBuildPhase section */
		11E63CA82639022100AD8C6E /* Frameworks */ = {
			isa = PBXFrameworksBuildPhase;
			buildActionMask = 2147483647;
			files = (
			);
			runOnlyForDeploymentPostprocessing = 0;
		};
/* End PBXFrameworksBuildPhase section */

/* Begin PBXGroup section */
		1145FF0D2643BB6600F1E7B1 /* Utilites */ = {
			isa = PBXGroup;
			children = (
				1145FF0E2643BC6600F1E7B1 /* KeyboardUtilities.swift */,
			);
			path = Utilites;
			sourceTree = "<group>";
		};
		11472A702644256F003EEDBE /* Custom Tab Bar  */ = {
			isa = PBXGroup;
			children = (
				11472A712644258F003EEDBE /* README.md */,
				115F7F8B2645361B006C2168 /* CustomTabBar.swift */,
				11BB93C726453E6100653E91 /* TabBarIcon.swift */,
				11BB93CA2645432300653E91 /* CustomTabBarVM.swift */,
			);
			path = "Custom Tab Bar ";
			sourceTree = "<group>";
		};
		118DD68826426B8900F8E81F /* networking */ = {
			isa = PBXGroup;
			children = (
				118DD68926426B9D00F8E81F /* model.json */,
				118DD69126426FC700F8E81F /* README.md */,
				118DD68D26426C1900F8E81F /* TodosModel.swift */,
				118DD6852642688C00F8E81F /* Networking.swift */,
				118DD692264270EA00F8E81F /* UserTodoViewModel.swift */,
				118DD696264279B900F8E81F /* ToDoViewList.swift */,
			);
			path = networking;
			sourceTree = "<group>";
		};
		118DD6A02642A42000F8E81F /* Webview */ = {
			isa = PBXGroup;
			children = (
				118DD6A12642A45900F8E81F /* WebviewSwiftUI.swift */,
				118DD6A52642A47300F8E81F /* Webview.swift */,
			);
			path = Webview;
			sourceTree = "<group>";
		};
		11E63CA22639022100AD8C6E = {
			isa = PBXGroup;
			children = (
				11E63CAD2639022100AD8C6E /* LeoSwiftiUITuts */,
				11E63CAC2639022100AD8C6E /* Products */,
			);
			sourceTree = "<group>";
		};
		11E63CAC2639022100AD8C6E /* Products */ = {
			isa = PBXGroup;
			children = (
				11E63CAB2639022100AD8C6E /* LeoSwiftiUITuts.app */,
			);
			name = Products;
			sourceTree = "<group>";
		};
		11E63CAD2639022100AD8C6E /* LeoSwiftiUITuts */ = {
			isa = PBXGroup;
			children = (
				1171DF71263AFD2B00CB1F79 /* Screenshot 2021-04-29 at 11.35.37.png */,
				11E63CAE2639022100AD8C6E /* LeoSwiftiUITutsApp.swift */,
				116732EB263D9DCB00BC9C4B /* difficuties */,
				11E63CB02639022100AD8C6E /* ContentView.swift */,
				11472A702644256F003EEDBE /* Custom Tab Bar  */,
				118DD6A02642A42000F8E81F /* Webview */,
				118DD68826426B8900F8E81F /* networking */,
				11E63CBE26390FC900AD8C6E /* Signup */,
				11E63CB22639022400AD8C6E /* Assets.xcassets */,
				1145FF0D2643BB6600F1E7B1 /* Utilites */,
				11E63CB72639022400AD8C6E /* Info.plist */,
				11E63CB42639022400AD8C6E /* Preview Content */,
			);
			path = LeoSwiftiUITuts;
			sourceTree = "<group>";
		};
		11E63CB42639022400AD8C6E /* Preview Content */ = {
			isa = PBXGroup;
			children = (
				11E63CB52639022400AD8C6E /* Preview Assets.xcassets */,
			);
			path = "Preview Content";
			sourceTree = "<group>";
		};
		11E63CBE26390FC900AD8C6E /* Signup */ = {
			isa = PBXGroup;
			children = (
				118DD69D264297FD00F8E81F /* Screenshot 2021-05-05 at 14.38.05.png */,
				11E63CBF2639113300AD8C6E /* SignupView.swift */,
				118DD69926428F5D00F8E81F /* SignUpViewModel.swift */,
				11705670263A8CD200E790D1 /* SignupTextField.swift */,
			);
			path = Signup;
			sourceTree = "<group>";
		};
/* End PBXGroup section */

/* Begin PBXNativeTarget section */
		11E63CAA2639022100AD8C6E /* LeoSwiftiUITuts */ = {
			isa = PBXNativeTarget;
			buildConfigurationList = 11E63CBA2639022400AD8C6E /* Build configuration list for PBXNativeTarget "LeoSwiftiUITuts" */;
			buildPhases = (
				11E63CA72639022100AD8C6E /* Sources */,
				11E63CA82639022100AD8C6E /* Frameworks */,
				11E63CA92639022100AD8C6E /* Resources */,
			);
			buildRules = (
			);
			dependencies = (
			);
			name = LeoSwiftiUITuts;
			productName = LeoSwiftiUITuts;
			productReference = 11E63CAB2639022100AD8C6E /* LeoSwiftiUITuts.app */;
			productType = "com.apple.product-type.application";
		};
/* End PBXNativeTarget section */

/* Begin PBXProject section */
		11E63CA32639022100AD8C6E /* Project object */ = {
			isa = PBXProject;
			attributes = {
				LastSwiftUpdateCheck = 1240;
				LastUpgradeCheck = 1240;
				TargetAttributes = {
					11E63CAA2639022100AD8C6E = {
						CreatedOnToolsVersion = 12.4;
					};
				};
			};
			buildConfigurationList = 11E63CA62639022100AD8C6E /* Build configuration list for PBXProject "LeoSwiftiUITuts" */;
			compatibilityVersion = "Xcode 9.3";
			developmentRegion = en;
			hasScannedForEncodings = 0;
			knownRegions = (
				en,
				Base,
			);
			mainGroup = 11E63CA22639022100AD8C6E;
			productRefGroup = 11E63CAC2639022100AD8C6E /* Products */;
			projectDirPath = "";
			projectRoot = "";
			targets = (
				11E63CAA2639022100AD8C6E /* LeoSwiftiUITuts */,
			);
		};
/* End PBXProject section */

/* Begin PBXResourcesBuildPhase section */
		11E63CA92639022100AD8C6E /* Resources */ = {
			isa = PBXResourcesBuildPhase;
			buildActionMask = 2147483647;
			files = (
				11E63CB62639022400AD8C6E /* Preview Assets.xcassets in Resources */,
				1171DF72263AFD2B00CB1F79 /* Screenshot 2021-04-29 at 11.35.37.png in Resources */,
				118DD68A26426B9D00F8E81F /* model.json in Resources */,
				116732EC263D9DCB00BC9C4B /* difficuties in Resources */,
				11E63CB32639022400AD8C6E /* Assets.xcassets in Resources */,
				118DD69E264297FD00F8E81F /* Screenshot 2021-05-05 at 14.38.05.png in Resources */,
			);
			runOnlyForDeploymentPostprocessing = 0;
		};
/* End PBXResourcesBuildPhase section */

/* Begin PBXSourcesBuildPhase section */
		11E63CA72639022100AD8C6E /* Sources */ = {
			isa = PBXSourcesBuildPhase;
			buildActionMask = 2147483647;
			files = (
				11E63CC02639113300AD8C6E /* SignupView.swift in Sources */,
				118DD6A22642A45900F8E81F /* WebviewSwiftUI.swift in Sources */,
				118DD6A62642A47300F8E81F /* Webview.swift in Sources */,
				115F7F8C2645361B006C2168 /* CustomTabBar.swift in Sources */,
				1145FF0F2643BC6600F1E7B1 /* KeyboardUtilities.swift in Sources */,
				118DD6862642688C00F8E81F /* Networking.swift in Sources */,
				118DD697264279B900F8E81F /* ToDoViewList.swift in Sources */,
				11E63CB12639022100AD8C6E /* ContentView.swift in Sources */,
				118DD69A26428F5D00F8E81F /* SignUpViewModel.swift in Sources */,
				11E63CAF2639022100AD8C6E /* LeoSwiftiUITutsApp.swift in Sources */,
				11BB93C826453E6100653E91 /* TabBarIcon.swift in Sources */,
				118DD68E26426C1900F8E81F /* TodosModel.swift in Sources */,
				11705671263A8CD200E790D1 /* SignupTextField.swift in Sources */,
				11BB93CB2645432300653E91 /* CustomTabBarVM.swift in Sources */,
				118DD693264270EA00F8E81F /* UserTodoViewModel.swift in Sources */,
			);
			runOnlyForDeploymentPostprocessing = 0;
		};
/* End PBXSourcesBuildPhase section */

/* Begin XCBuildConfiguration section */
		11E63CB82639022400AD8C6E /* Debug */ = {
			isa = XCBuildConfiguration;
			buildSettings = {
				ALWAYS_SEARCH_USER_PATHS = NO;
				CLANG_ANALYZER_NONNULL = YES;
				CLANG_ANALYZER_NUMBER_OBJECT_CONVERSION = YES_AGGRESSIVE;
				CLANG_CXX_LANGUAGE_STANDARD = "gnu++14";
				CLANG_CXX_LIBRARY = "libc++";
				CLANG_ENABLE_MODULES = YES;
				CLANG_ENABLE_OBJC_ARC = YES;
				CLANG_ENABLE_OBJC_WEAK = YES;
				CLANG_WARN_BLOCK_CAPTURE_AUTORELEASING = YES;
				CLANG_WARN_BOOL_CONVERSION = YES;
				CLANG_WARN_COMMA = YES;
				CLANG_WARN_CONSTANT_CONVERSION = YES;
				CLANG_WARN_DEPRECATED_OBJC_IMPLEMENTATIONS = YES;
				CLANG_WARN_DIRECT_OBJC_ISA_USAGE = YES_ERROR;
				CLANG_WARN_DOCUMENTATION_COMMENTS = YES;
				CLANG_WARN_EMPTY_BODY = YES;
				CLANG_WARN_ENUM_CONVERSION = YES;
				CLANG_WARN_INFINITE_RECURSION = YES;
				CLANG_WARN_INT_CONVERSION = YES;
				CLANG_WARN_NON_LITERAL_NULL_CONVERSION = YES;
				CLANG_WARN_OBJC_IMPLICIT_RETAIN_SELF = YES;
				CLANG_WARN_OBJC_LITERAL_CONVERSION = YES;
				CLANG_WARN_OBJC_ROOT_CLASS = YES_ERROR;
				CLANG_WARN_QUOTED_INCLUDE_IN_FRAMEWORK_HEADER = YES;
				CLANG_WARN_RANGE_LOOP_ANALYSIS = YES;
				CLANG_WARN_STRICT_PROTOTYPES = YES;
				CLANG_WARN_SUSPICIOUS_MOVE = YES;
				CLANG_WARN_UNGUARDED_AVAILABILITY = YES_AGGRESSIVE;
				CLANG_WARN_UNREACHABLE_CODE = YES;
				CLANG_WARN__DUPLICATE_METHOD_MATCH = YES;
				COPY_PHASE_STRIP = NO;
				DEBUG_INFORMATION_FORMAT = dwarf;
				ENABLE_STRICT_OBJC_MSGSEND = YES;
				ENABLE_TESTABILITY = YES;
				GCC_C_LANGUAGE_STANDARD = gnu11;
				GCC_DYNAMIC_NO_PIC = NO;
				GCC_NO_COMMON_BLOCKS = YES;
				GCC_OPTIMIZATION_LEVEL = 0;
				GCC_PREPROCESSOR_DEFINITIONS = (
					"DEBUG=1",
					"$(inherited)",
				);
				GCC_WARN_64_TO_32_BIT_CONVERSION = YES;
				GCC_WARN_ABOUT_RETURN_TYPE = YES_ERROR;
				GCC_WARN_UNDECLARED_SELECTOR = YES;
				GCC_WARN_UNINITIALIZED_AUTOS = YES_AGGRESSIVE;
				GCC_WARN_UNUSED_FUNCTION = YES;
				GCC_WARN_UNUSED_VARIABLE = YES;
				IPHONEOS_DEPLOYMENT_TARGET = 14.4;
				MTL_ENABLE_DEBUG_INFO = INCLUDE_SOURCE;
				MTL_FAST_MATH = YES;
				ONLY_ACTIVE_ARCH = YES;
				SDKROOT = iphoneos;
				SWIFT_ACTIVE_COMPILATION_CONDITIONS = DEBUG;
				SWIFT_OPTIMIZATION_LEVEL = "-Onone";
			};
			name = Debug;
		};
		11E63CB92639022400AD8C6E /* Release */ = {
			isa = XCBuildConfiguration;
			buildSettings = {
				ALWAYS_SEARCH_USER_PATHS = NO;
				CLANG_ANALYZER_NONNULL = YES;
				CLANG_ANALYZER_NUMBER_OBJECT_CONVERSION = YES_AGGRESSIVE;
				CLANG_CXX_LANGUAGE_STANDARD = "gnu++14";
				CLANG_CXX_LIBRARY = "libc++";
				CLANG_ENABLE_MODULES = YES;
				CLANG_ENABLE_OBJC_ARC = YES;
				CLANG_ENABLE_OBJC_WEAK = YES;
				CLANG_WARN_BLOCK_CAPTURE_AUTORELEASING = YES;
				CLANG_WARN_BOOL_CONVERSION = YES;
				CLANG_WARN_COMMA = YES;
				CLANG_WARN_CONSTANT_CONVERSION = YES;
				CLANG_WARN_DEPRECATED_OBJC_IMPLEMENTATIONS = YES;
				CLANG_WARN_DIRECT_OBJC_ISA_USAGE = YES_ERROR;
				CLANG_WARN_DOCUMENTATION_COMMENTS = YES;
				CLANG_WARN_EMPTY_BODY = YES;
				CLANG_WARN_ENUM_CONVERSION = YES;
				CLANG_WARN_INFINITE_RECURSION = YES;
				CLANG_WARN_INT_CONVERSION = YES;
				CLANG_WARN_NON_LITERAL_NULL_CONVERSION = YES;
				CLANG_WARN_OBJC_IMPLICIT_RETAIN_SELF = YES;
				CLANG_WARN_OBJC_LITERAL_CONVERSION = YES;
				CLANG_WARN_OBJC_ROOT_CLASS = YES_ERROR;
				CLANG_WARN_QUOTED_INCLUDE_IN_FRAMEWORK_HEADER = YES;
				CLANG_WARN_RANGE_LOOP_ANALYSIS = YES;
				CLANG_WARN_STRICT_PROTOTYPES = YES;
				CLANG_WARN_SUSPICIOUS_MOVE = YES;
				CLANG_WARN_UNGUARDED_AVAILABILITY = YES_AGGRESSIVE;
				CLANG_WARN_UNREACHABLE_CODE = YES;
				CLANG_WARN__DUPLICATE_METHOD_MATCH = YES;
				COPY_PHASE_STRIP = NO;
				DEBUG_INFORMATION_FORMAT = "dwarf-with-dsym";
				ENABLE_NS_ASSERTIONS = NO;
				ENABLE_STRICT_OBJC_MSGSEND = YES;
				GCC_C_LANGUAGE_STANDARD = gnu11;
				GCC_NO_COMMON_BLOCKS = YES;
				GCC_WARN_64_TO_32_BIT_CONVERSION = YES;
				GCC_WARN_ABOUT_RETURN_TYPE = YES_ERROR;
				GCC_WARN_UNDECLARED_SELECTOR = YES;
				GCC_WARN_UNINITIALIZED_AUTOS = YES_AGGRESSIVE;
				GCC_WARN_UNUSED_FUNCTION = YES;
				GCC_WARN_UNUSED_VARIABLE = YES;
				IPHONEOS_DEPLOYMENT_TARGET = 14.4;
				MTL_ENABLE_DEBUG_INFO = NO;
				MTL_FAST_MATH = YES;
				SDKROOT = iphoneos;
				SWIFT_COMPILATION_MODE = wholemodule;
				SWIFT_OPTIMIZATION_LEVEL = "-O";
				VALIDATE_PRODUCT = YES;
			};
			name = Release;
		};
		11E63CBB2639022400AD8C6E /* Debug */ = {
			isa = XCBuildConfiguration;
			buildSettings = {
				ASSETCATALOG_COMPILER_APPICON_NAME = AppIcon;
				ASSETCATALOG_COMPILER_GLOBAL_ACCENT_COLOR_NAME = AccentColor;
				CODE_SIGN_STYLE = Automatic;
				DEVELOPMENT_ASSET_PATHS = "\"LeoSwiftiUITuts/Preview Content\"";
				DEVELOPMENT_TEAM = K6RG6LVAYB;
				ENABLE_PREVIEWS = YES;
				INFOPLIST_FILE = LeoSwiftiUITuts/Info.plist;
				IPHONEOS_DEPLOYMENT_TARGET = 14.0;
				LD_RUNPATH_SEARCH_PATHS = (
					"$(inherited)",
					"@executable_path/Frameworks",
				);
				PRODUCT_BUNDLE_IDENTIFIER = vijayvir.LeoSwiftiUITuts;
				PRODUCT_NAME = "$(TARGET_NAME)";
				SWIFT_VERSION = 5.0;
				TARGETED_DEVICE_FAMILY = "1,2";
			};
			name = Debug;
		};
		11E63CBC2639022400AD8C6E /* Release */ = {
			isa = XCBuildConfiguration;
			buildSettings = {
				ASSETCATALOG_COMPILER_APPICON_NAME = AppIcon;
				ASSETCATALOG_COMPILER_GLOBAL_ACCENT_COLOR_NAME = AccentColor;
				CODE_SIGN_STYLE = Automatic;
				DEVELOPMENT_ASSET_PATHS = "\"LeoSwiftiUITuts/Preview Content\"";
				DEVELOPMENT_TEAM = K6RG6LVAYB;
				ENABLE_PREVIEWS = YES;
				INFOPLIST_FILE = LeoSwiftiUITuts/Info.plist;
				IPHONEOS_DEPLOYMENT_TARGET = 14.0;
				LD_RUNPATH_SEARCH_PATHS = (
					"$(inherited)",
					"@executable_path/Frameworks",
				);
				PRODUCT_BUNDLE_IDENTIFIER = vijayvir.LeoSwiftiUITuts;
				PRODUCT_NAME = "$(TARGET_NAME)";
				SWIFT_VERSION = 5.0;
				TARGETED_DEVICE_FAMILY = "1,2";
			};
			name = Release;
		};
/* End XCBuildConfiguration section */

/* Begin XCConfigurationList section */
		11E63CA62639022100AD8C6E /* Build configuration list for PBXProject "LeoSwiftiUITuts" */ = {
			isa = XCConfigurationList;
			buildConfigurations = (
				11E63CB82639022400AD8C6E /* Debug */,
				11E63CB92639022400AD8C6E /* Release */,
			);
			defaultConfigurationIsVisible = 0;
			defaultConfigurationName = Release;
		};
		11E63CBA2639022400AD8C6E /* Build configuration list for PBXNativeTarget "LeoSwiftiUITuts" */ = {
			isa = XCConfigurationList;
			buildConfigurations = (
				11E63CBB2639022400AD8C6E /* Debug */,
				11E63CBC2639022400AD8C6E /* Release */,
			);
			defaultConfigurationIsVisible = 0;
			defaultConfigurationName = Release;
		};
/* End XCConfigurationList section */
	};
	rootObject = 11E63CA32639022100AD8C6E /* Project object */;
}
