// !$*UTF8*$!
{
	archiveVersion = 1;
	classes = {
	};
	objectVersion = 50;
	objects = {

/* Begin PBXBuildFile section */
		1171DF9D263B005C00CB1F79 /* TODOAppSwiftApp.swift in Sources */ = {isa = PBXBuildFile; fileRef = 1171DF9C263B005C00CB1F79 /* TODOAppSwiftApp.swift */; };
		1171DF9F263B005C00CB1F79 /* ContentView.swift in Sources */ = {isa = PBXBuildFile; fileRef = 1171DF9E263B005C00CB1F79 /* ContentView.swift */; };
		1171DFA1263B005F00CB1F79 /* Assets.xcassets in Resources */ = {isa = PBXBuildFile; fileRef = 1171DFA0263B005F00CB1F79 /* Assets.xcassets */; };
		1171DFA4263B005F00CB1F79 /* Preview Assets.xcassets in Resources */ = {isa = PBXBuildFile; fileRef = 1171DFA3263B005F00CB1F79 /* Preview Assets.xcassets */; };
		1171DFAE263B028D00CB1F79 /* ToDo.swift in Sources */ = {isa = PBXBuildFile; fileRef = 1171DFAD263B028D00CB1F79 /* ToDo.swift */; };
		1171DFB3263B03A600CB1F79 /* DataStore.swift in Sources */ = {isa = PBXBuildFile; fileRef = 1171DFB2263B03A600CB1F79 /* DataStore.swift */; };
		1171DFB7263B0B6800CB1F79 /* Difficulties in Resources */ = {isa = PBXBuildFile; fileRef = 1171DFB6263B0B6800CB1F79 /* Difficulties */; };
		1171DFBA263B0F0500CB1F79 /* ToFormViewModel.swift in Sources */ = {isa = PBXBuildFile; fileRef = 1171DFB9263B0F0500CB1F79 /* ToFormViewModel.swift */; };
		1171DFC3263B106700CB1F79 /* ToDoFormView.swift in Sources */ = {isa = PBXBuildFile; fileRef = 1171DFC2263B106700CB1F79 /* ToDoFormView.swift */; };
		1171DFC7263B218500CB1F79 /* ModelType.swift in Sources */ = {isa = PBXBuildFile; fileRef = 1171DFC6263B218500CB1F79 /* ModelType.swift */; };
		1171DFCB263B28B000CB1F79 /* FileManager+Extension.swift in Sources */ = {isa = PBXBuildFile; fileRef = 1171DFCA263B28B000CB1F79 /* FileManager+Extension.swift */; };
		1171DFCE263B334600CB1F79 /* ToDoError.swift in Sources */ = {isa = PBXBuildFile; fileRef = 1171DFCD263B334600CB1F79 /* ToDoError.swift */; };
/* End PBXBuildFile section */

/* Begin PBXFileReference section */
		1171DF99263B005C00CB1F79 /* TODOAppSwift.app */ = {isa = PBXFileReference; explicitFileType = wrapper.application; includeInIndex = 0; path = TODOAppSwift.app; sourceTree = BUILT_PRODUCTS_DIR; };
		1171DF9C263B005C00CB1F79 /* TODOAppSwiftApp.swift */ = {isa = PBXFileReference; lastKnownFileType = sourcecode.swift; path = TODOAppSwiftApp.swift; sourceTree = "<group>"; };
		1171DF9E263B005C00CB1F79 /* ContentView.swift */ = {isa = PBXFileReference; lastKnownFileType = sourcecode.swift; path = ContentView.swift; sourceTree = "<group>"; };
		1171DFA0263B005F00CB1F79 /* Assets.xcassets */ = {isa = PBXFileReference; lastKnownFileType = folder.assetcatalog; path = Assets.xcassets; sourceTree = "<group>"; };
		1171DFA3263B005F00CB1F79 /* Preview Assets.xcassets */ = {isa = PBXFileReference; lastKnownFileType = folder.assetcatalog; path = "Preview Assets.xcassets"; sourceTree = "<group>"; };
		1171DFA5263B005F00CB1F79 /* Info.plist */ = {isa = PBXFileReference; lastKnownFileType = text.plist.xml; path = Info.plist; sourceTree = "<group>"; };
		1171DFAD263B028D00CB1F79 /* ToDo.swift */ = {isa = PBXFileReference; lastKnownFileType = sourcecode.swift; path = ToDo.swift; sourceTree = "<group>"; };
		1171DFB2263B03A600CB1F79 /* DataStore.swift */ = {isa = PBXFileReference; lastKnownFileType = sourcecode.swift; path = DataStore.swift; sourceTree = "<group>"; };
		1171DFB6263B0B6800CB1F79 /* Difficulties */ = {isa = PBXFileReference; lastKnownFileType = text; path = Difficulties; sourceTree = "<group>"; };
		1171DFB9263B0F0500CB1F79 /* ToFormViewModel.swift */ = {isa = PBXFileReference; lastKnownFileType = sourcecode.swift; path = ToFormViewModel.swift; sourceTree = "<group>"; };
		1171DFC2263B106700CB1F79 /* ToDoFormView.swift */ = {isa = PBXFileReference; lastKnownFileType = sourcecode.swift; path = ToDoFormView.swift; sourceTree = "<group>"; };
		1171DFC6263B218500CB1F79 /* ModelType.swift */ = {isa = PBXFileReference; lastKnownFileType = sourcecode.swift; path = ModelType.swift; sourceTree = "<group>"; };
		1171DFCA263B28B000CB1F79 /* FileManager+Extension.swift */ = {isa = PBXFileReference; lastKnownFileType = sourcecode.swift; path = "FileManager+Extension.swift"; sourceTree = "<group>"; };
		1171DFCD263B334600CB1F79 /* ToDoError.swift */ = {isa = PBXFileReference; lastKnownFileType = sourcecode.swift; path = ToDoError.swift; sourceTree = "<group>"; };
		1171DFD3263BACD800CB1F79 /* README.md */ = {isa = PBXFileReference; lastKnownFileType = net.daringfireball.markdown; path = README.md; sourceTree = "<group>"; };
/* End PBXFileReference section */

/* Begin PBXFrameworksBuildPhase section */
		1171DF96263B005C00CB1F79 /* Frameworks */ = {
			isa = PBXFrameworksBuildPhase;
			buildActionMask = 2147483647;
			files = (
			);
			runOnlyForDeploymentPostprocessing = 0;
		};
/* End PBXFrameworksBuildPhase section */

/* Begin PBXGroup section */
		1171DF90263B005C00CB1F79 = {
			isa = PBXGroup;
			children = (
				1171DFD3263BACD800CB1F79 /* README.md */,
				1171DF9B263B005C00CB1F79 /* TODOAppSwift */,
				1171DF9A263B005C00CB1F79 /* Products */,
			);
			sourceTree = "<group>";
		};
		1171DF9A263B005C00CB1F79 /* Products */ = {
			isa = PBXGroup;
			children = (
				1171DF99263B005C00CB1F79 /* TODOAppSwift.app */,
			);
			name = Products;
			sourceTree = "<group>";
		};
		1171DF9B263B005C00CB1F79 /* TODOAppSwift */ = {
			isa = PBXGroup;
			children = (
				1171DF9C263B005C00CB1F79 /* TODOAppSwiftApp.swift */,
				1171DFB6263B0B6800CB1F79 /* Difficulties */,
				1171DFBC263B103B00CB1F79 /* View */,
				1171DFB1263B038B00CB1F79 /* ViewModel */,
				1171DFAC263B027C00CB1F79 /* Models */,
				1171DFC9263B286E00CB1F79 /* Extension */,
				1171DFA0263B005F00CB1F79 /* Assets.xcassets */,
				1171DFA5263B005F00CB1F79 /* Info.plist */,
				1171DFA2263B005F00CB1F79 /* Preview Content */,
			);
			path = TODOAppSwift;
			sourceTree = "<group>";
		};
		1171DFA2263B005F00CB1F79 /* Preview Content */ = {
			isa = PBXGroup;
			children = (
				1171DFA3263B005F00CB1F79 /* Preview Assets.xcassets */,
			);
			path = "Preview Content";
			sourceTree = "<group>";
		};
		1171DFAC263B027C00CB1F79 /* Models */ = {
			isa = PBXGroup;
			children = (
				1171DFAD263B028D00CB1F79 /* ToDo.swift */,
				1171DFCD263B334600CB1F79 /* ToDoError.swift */,
			);
			path = Models;
			sourceTree = "<group>";
		};
		1171DFB1263B038B00CB1F79 /* ViewModel */ = {
			isa = PBXGroup;
			children = (
				1171DFB2263B03A600CB1F79 /* DataStore.swift */,
				1171DFC6263B218500CB1F79 /* ModelType.swift */,
				1171DFB9263B0F0500CB1F79 /* ToFormViewModel.swift */,
			);
			path = ViewModel;
			sourceTree = "<group>";
		};
		1171DFBC263B103B00CB1F79 /* View */ = {
			isa = PBXGroup;
			children = (
				1171DF9E263B005C00CB1F79 /* ContentView.swift */,
				1171DFC2263B106700CB1F79 /* ToDoFormView.swift */,
			);
			path = View;
			sourceTree = "<group>";
		};
		1171DFC9263B286E00CB1F79 /* Extension */ = {
			isa = PBXGroup;
			children = (
				1171DFCA263B28B000CB1F79 /* FileManager+Extension.swift */,
			);
			path = Extension;
			sourceTree = "<group>";
		};
/* End PBXGroup section */

/* Begin PBXNativeTarget section */
		1171DF98263B005C00CB1F79 /* TODOAppSwift */ = {
			isa = PBXNativeTarget;
			buildConfigurationList = 1171DFA8263B005F00CB1F79 /* Build configuration list for PBXNativeTarget "TODOAppSwift" */;
			buildPhases = (
				1171DF95263B005C00CB1F79 /* Sources */,
				1171DF96263B005C00CB1F79 /* Frameworks */,
				1171DF97263B005C00CB1F79 /* Resources */,
			);
			buildRules = (
			);
			dependencies = (
			);
			name = TODOAppSwift;
			productName = TODOAppSwift;
			productReference = 1171DF99263B005C00CB1F79 /* TODOAppSwift.app */;
			productType = "com.apple.product-type.application";
		};
/* End PBXNativeTarget section */

/* Begin PBXProject section */
		1171DF91263B005C00CB1F79 /* Project object */ = {
			isa = PBXProject;
			attributes = {
				LastSwiftUpdateCheck = 1240;
				LastUpgradeCheck = 1240;
				TargetAttributes = {
					1171DF98263B005C00CB1F79 = {
						CreatedOnToolsVersion = 12.4;
					};
				};
			};
			buildConfigurationList = 1171DF94263B005C00CB1F79 /* Build configuration list for PBXProject "TODOAppSwift" */;
			compatibilityVersion = "Xcode 9.3";
			developmentRegion = en;
			hasScannedForEncodings = 0;
			knownRegions = (
				en,
				Base,
			);
			mainGroup = 1171DF90263B005C00CB1F79;
			productRefGroup = 1171DF9A263B005C00CB1F79 /* Products */;
			projectDirPath = "";
			projectRoot = "";
			targets = (
				1171DF98263B005C00CB1F79 /* TODOAppSwift */,
			);
		};
/* End PBXProject section */

/* Begin PBXResourcesBuildPhase section */
		1171DF97263B005C00CB1F79 /* Resources */ = {
			isa = PBXResourcesBuildPhase;
			buildActionMask = 2147483647;
			files = (
				1171DFB7263B0B6800CB1F79 /* Difficulties in Resources */,
				1171DFA4263B005F00CB1F79 /* Preview Assets.xcassets in Resources */,
				1171DFA1263B005F00CB1F79 /* Assets.xcassets in Resources */,
			);
			runOnlyForDeploymentPostprocessing = 0;
		};
/* End PBXResourcesBuildPhase section */

/* Begin PBXSourcesBuildPhase section */
		1171DF95263B005C00CB1F79 /* Sources */ = {
			isa = PBXSourcesBuildPhase;
			buildActionMask = 2147483647;
			files = (
				1171DFC3263B106700CB1F79 /* ToDoFormView.swift in Sources */,
				1171DFCB263B28B000CB1F79 /* FileManager+Extension.swift in Sources */,
				1171DFAE263B028D00CB1F79 /* ToDo.swift in Sources */,
				1171DFB3263B03A600CB1F79 /* DataStore.swift in Sources */,
				1171DF9F263B005C00CB1F79 /* ContentView.swift in Sources */,
				1171DFC7263B218500CB1F79 /* ModelType.swift in Sources */,
				1171DFBA263B0F0500CB1F79 /* ToFormViewModel.swift in Sources */,
				1171DFCE263B334600CB1F79 /* ToDoError.swift in Sources */,
				1171DF9D263B005C00CB1F79 /* TODOAppSwiftApp.swift in Sources */,
			);
			runOnlyForDeploymentPostprocessing = 0;
		};
/* End PBXSourcesBuildPhase section */

/* Begin XCBuildConfiguration section */
		1171DFA6263B005F00CB1F79 /* Debug */ = {
			isa = XCBuildConfiguration;
			buildSettings = {
				ALWAYS_SEARCH_USER_PATHS = NO;
				CLANG_ANALYZER_NONNULL = YES;
				CLANG_ANALYZER_NUMBER_OBJECT_CONVERSION = YES_AGGRESSIVE;
				CLANG_CXX_LANGUAGE_STANDARD = "gnu++14";
				CLANG_CXX_LIBRARY = "libc++";
				CLANG_ENABLE_MODULES = YES;
				CLANG_ENABLE_OBJC_ARC = YES;
				CLANG_ENABLE_OBJC_WEAK = YES;
				CLANG_WARN_BLOCK_CAPTURE_AUTORELEASING = YES;
				CLANG_WARN_BOOL_CONVERSION = YES;
				CLANG_WARN_COMMA = YES;
				CLANG_WARN_CONSTANT_CONVERSION = YES;
				CLANG_WARN_DEPRECATED_OBJC_IMPLEMENTATIONS = YES;
				CLANG_WARN_DIRECT_OBJC_ISA_USAGE = YES_ERROR;
				CLANG_WARN_DOCUMENTATION_COMMENTS = YES;
				CLANG_WARN_EMPTY_BODY = YES;
				CLANG_WARN_ENUM_CONVERSION = YES;
				CLANG_WARN_INFINITE_RECURSION = YES;
				CLANG_WARN_INT_CONVERSION = YES;
				CLANG_WARN_NON_LITERAL_NULL_CONVERSION = YES;
				CLANG_WARN_OBJC_IMPLICIT_RETAIN_SELF = YES;
				CLANG_WARN_OBJC_LITERAL_CONVERSION = YES;
				CLANG_WARN_OBJC_ROOT_CLASS = YES_ERROR;
				CLANG_WARN_QUOTED_INCLUDE_IN_FRAMEWORK_HEADER = YES;
				CLANG_WARN_RANGE_LOOP_ANALYSIS = YES;
				CLANG_WARN_STRICT_PROTOTYPES = YES;
				CLANG_WARN_SUSPICIOUS_MOVE = YES;
				CLANG_WARN_UNGUARDED_AVAILABILITY = YES_AGGRESSIVE;
				CLANG_WARN_UNREACHABLE_CODE = YES;
				CLANG_WARN__DUPLICATE_METHOD_MATCH = YES;
				COPY_PHASE_STRIP = NO;
				DEBUG_INFORMATION_FORMAT = dwarf;
				ENABLE_STRICT_OBJC_MSGSEND = YES;
				ENABLE_TESTABILITY = YES;
				GCC_C_LANGUAGE_STANDARD = gnu11;
				GCC_DYNAMIC_NO_PIC = NO;
				GCC_NO_COMMON_BLOCKS = YES;
				GCC_OPTIMIZATION_LEVEL = 0;
				GCC_PREPROCESSOR_DEFINITIONS = (
					"DEBUG=1",
					"$(inherited)",
				);
				GCC_WARN_64_TO_32_BIT_CONVERSION = YES;
				GCC_WARN_ABOUT_RETURN_TYPE = YES_ERROR;
				GCC_WARN_UNDECLARED_SELECTOR = YES;
				GCC_WARN_UNINITIALIZED_AUTOS = YES_AGGRESSIVE;
				GCC_WARN_UNUSED_FUNCTION = YES;
				GCC_WARN_UNUSED_VARIABLE = YES;
				IPHONEOS_DEPLOYMENT_TARGET = 14.4;
				MTL_ENABLE_DEBUG_INFO = INCLUDE_SOURCE;
				MTL_FAST_MATH = YES;
				ONLY_ACTIVE_ARCH = YES;
				SDKROOT = iphoneos;
				SWIFT_ACTIVE_COMPILATION_CONDITIONS = DEBUG;
				SWIFT_OPTIMIZATION_LEVEL = "-Onone";
			};
			name = Debug;
		};
		1171DFA7263B005F00CB1F79 /* Release */ = {
			isa = XCBuildConfiguration;
			buildSettings = {
				ALWAYS_SEARCH_USER_PATHS = NO;
				CLANG_ANALYZER_NONNULL = YES;
				CLANG_ANALYZER_NUMBER_OBJECT_CONVERSION = YES_AGGRESSIVE;
				CLANG_CXX_LANGUAGE_STANDARD = "gnu++14";
				CLANG_CXX_LIBRARY = "libc++";
				CLANG_ENABLE_MODULES = YES;
				CLANG_ENABLE_OBJC_ARC = YES;
				CLANG_ENABLE_OBJC_WEAK = YES;
				CLANG_WARN_BLOCK_CAPTURE_AUTORELEASING = YES;
				CLANG_WARN_BOOL_CONVERSION = YES;
				CLANG_WARN_COMMA = YES;
				CLANG_WARN_CONSTANT_CONVERSION = YES;
				CLANG_WARN_DEPRECATED_OBJC_IMPLEMENTATIONS = YES;
				CLANG_WARN_DIRECT_OBJC_ISA_USAGE = YES_ERROR;
				CLANG_WARN_DOCUMENTATION_COMMENTS = YES;
				CLANG_WARN_EMPTY_BODY = YES;
				CLANG_WARN_ENUM_CONVERSION = YES;
				CLANG_WARN_INFINITE_RECURSION = YES;
				CLANG_WARN_INT_CONVERSION = YES;
				CLANG_WARN_NON_LITERAL_NULL_CONVERSION = YES;
				CLANG_WARN_OBJC_IMPLICIT_RETAIN_SELF = YES;
				CLANG_WARN_OBJC_LITERAL_CONVERSION = YES;
				CLANG_WARN_OBJC_ROOT_CLASS = YES_ERROR;
				CLANG_WARN_QUOTED_INCLUDE_IN_FRAMEWORK_HEADER = YES;
				CLANG_WARN_RANGE_LOOP_ANALYSIS = YES;
				CLANG_WARN_STRICT_PROTOTYPES = YES;
				CLANG_WARN_SUSPICIOUS_MOVE = YES;
				CLANG_WARN_UNGUARDED_AVAILABILITY = YES_AGGRESSIVE;
				CLANG_WARN_UNREACHABLE_CODE = YES;
				CLANG_WARN__DUPLICATE_METHOD_MATCH = YES;
				COPY_PHASE_STRIP = NO;
				DEBUG_INFORMATION_FORMAT = "dwarf-with-dsym";
				ENABLE_NS_ASSERTIONS = NO;
				ENABLE_STRICT_OBJC_MSGSEND = YES;
				GCC_C_LANGUAGE_STANDARD = gnu11;
				GCC_NO_COMMON_BLOCKS = YES;
				GCC_WARN_64_TO_32_BIT_CONVERSION = YES;
				GCC_WARN_ABOUT_RETURN_TYPE = YES_ERROR;
				GCC_WARN_UNDECLARED_SELECTOR = YES;
				GCC_WARN_UNINITIALIZED_AUTOS = YES_AGGRESSIVE;
				GCC_WARN_UNUSED_FUNCTION = YES;
				GCC_WARN_UNUSED_VARIABLE = YES;
				IPHONEOS_DEPLOYMENT_TARGET = 14.4;
				MTL_ENABLE_DEBUG_INFO = NO;
				MTL_FAST_MATH = YES;
				SDKROOT = iphoneos;
				SWIFT_COMPILATION_MODE = wholemodule;
				SWIFT_OPTIMIZATION_LEVEL = "-O";
				VALIDATE_PRODUCT = YES;
			};
			name = Release;
		};
		1171DFA9263B005F00CB1F79 /* Debug */ = {
			isa = XCBuildConfiguration;
			buildSettings = {
				ASSETCATALOG_COMPILER_APPICON_NAME = AppIcon;
				ASSETCATALOG_COMPILER_GLOBAL_ACCENT_COLOR_NAME = AccentColor;
				CODE_SIGN_STYLE = Automatic;
				DEVELOPMENT_ASSET_PATHS = "\"TODOAppSwift/Preview Content\"";
				DEVELOPMENT_TEAM = K6RG6LVAYB;
				ENABLE_PREVIEWS = YES;
				INFOPLIST_FILE = TODOAppSwift/Info.plist;
				IPHONEOS_DEPLOYMENT_TARGET = 14.0;
				LD_RUNPATH_SEARCH_PATHS = (
					"$(inherited)",
					"@executable_path/Frameworks",
				);
				PRODUCT_BUNDLE_IDENTIFIER = vijayvir.TODOAppSwift;
				PRODUCT_NAME = "$(TARGET_NAME)";
				SWIFT_VERSION = 5.0;
				TARGETED_DEVICE_FAMILY = "1,2";
			};
			name = Debug;
		};
		1171DFAA263B005F00CB1F79 /* Release */ = {
			isa = XCBuildConfiguration;
			buildSettings = {
				ASSETCATALOG_COMPILER_APPICON_NAME = AppIcon;
				ASSETCATALOG_COMPILER_GLOBAL_ACCENT_COLOR_NAME = AccentColor;
				CODE_SIGN_STYLE = Automatic;
				DEVELOPMENT_ASSET_PATHS = "\"TODOAppSwift/Preview Content\"";
				DEVELOPMENT_TEAM = K6RG6LVAYB;
				ENABLE_PREVIEWS = YES;
				INFOPLIST_FILE = TODOAppSwift/Info.plist;
				IPHONEOS_DEPLOYMENT_TARGET = 14.0;
				LD_RUNPATH_SEARCH_PATHS = (
					"$(inherited)",
					"@executable_path/Frameworks",
				);
				PRODUCT_BUNDLE_IDENTIFIER = vijayvir.TODOAppSwift;
				PRODUCT_NAME = "$(TARGET_NAME)";
				SWIFT_VERSION = 5.0;
				TARGETED_DEVICE_FAMILY = "1,2";
			};
			name = Release;
		};
/* End XCBuildConfiguration section */

/* Begin XCConfigurationList section */
		1171DF94263B005C00CB1F79 /* Build configuration list for PBXProject "TODOAppSwift" */ = {
			isa = XCConfigurationList;
			buildConfigurations = (
				1171DFA6263B005F00CB1F79 /* Debug */,
				1171DFA7263B005F00CB1F79 /* Release */,
			);
			defaultConfigurationIsVisible = 0;
			defaultConfigurationName = Release;
		};
		1171DFA8263B005F00CB1F79 /* Build configuration list for PBXNativeTarget "TODOAppSwift" */ = {
			isa = XCConfigurationList;
			buildConfigurations = (
				1171DFA9263B005F00CB1F79 /* Debug */,
				1171DFAA263B005F00CB1F79 /* Release */,
			);
			defaultConfigurationIsVisible = 0;
			defaultConfigurationName = Release;
		};
/* End XCConfigurationList section */
	};
	rootObject = 1171DF91263B005C00CB1F79 /* Project object */;
}
